
Microsoft Visual Studio Solution File, Format Version 12.00
# Visual Studio 15
Project("{FAE04EC0-301F-11D3-BF4B-00C04F79EFBC}") = "UnityEngine.TestRunner", "UnityEngine.TestRunner.csproj", "{84103787-A966-8253-C9DE-3BC00B4CB50F}"
EndProject
Project("{FAE04EC0-301F-11D3-BF4B-00C04F79EFBC}") = "UnityEngine.UI", "UnityEngine.UI.csproj", "{F2DBB3AB-A8BC-F96A-BF53-09B4AFD4EA31}"
EndProject
Project("{FAE04EC0-301F-11D3-BF4B-00C04F79EFBC}") = "Unity.VisualScripting.Flow", "Unity.VisualScripting.Flow.csproj", "{D228E2A9-AF33-43A6-8716-87FD6B6DB207}"
EndProject
Project("{FAE04EC0-301F-11D3-BF4B-00C04F79EFBC}") = "Unity.VisualScripting.State", "Unity.VisualScripting.State.csproj", "{F16AD684-61EF-3E83-AA5A-1892342D4489}"
EndProject
Project("{FAE04EC0-301F-11D3-BF4B-00C04F79EFBC}") = "Unity.VisualScripting.Core", "Unity.VisualScripting.Core.csproj", "{D333EEED-FE85-FA61-5E6D-C6C83629AAD1}"
EndProject
Project("{FAE04EC0-301F-11D3-BF4B-00C04F79EFBC}") = "Unity.TextMeshPro", "Unity.TextMeshPro.csproj", "{FA60D288-1CFC-236D-0CA6-75637A33CFF3}"
EndProject
Project("{FAE04EC0-301F-11D3-BF4B-00C04F79EFBC}") = "Cinemachine", "Cinemachine.csproj", "{8636F918-467C-3CE7-58C6-DFF4EBCE48F9}"
EndProject
Project("{FAE04EC0-301F-11D3-BF4B-00C04F79EFBC}") = "Unity.Timeline", "Unity.Timeline.csproj", "{69A3511D-25BD-B937-926F-5FF995A78B67}"
EndProject
Project("{FAE04EC0-301F-11D3-BF4B-00C04F79EFBC}") = "Assembly-CSharp", "Assembly-CSharp.csproj", "{8832940D-1987-5535-E45B-2F523580E12E}"
EndProject
Project("{FAE04EC0-301F-11D3-BF4B-00C04F79EFBC}") = "Unity.PlasticSCM.Editor", "Unity.PlasticSCM.Editor.csproj", "{D17823C7-F0A4-35BE-F5EB-AD17ECB2DE9D}"
EndProject
Project("{FAE04EC0-301F-11D3-BF4B-00C04F79EFBC}") = "Unity.VisualScripting.Core.Editor", "Unity.VisualScripting.Core.Editor.csproj", "{ACAD3B72-8E49-4DCE-0502-877168605900}"
EndProject
Project("{FAE04EC0-301F-11D3-BF4B-00C04F79EFBC}") = "Unity.VisualScripting.Flow.Editor", "Unity.VisualScripting.Flow.Editor.csproj", "{AF630925-19DC-EEC6-591D-E6500D3AA078}"
EndProject
Project("{FAE04EC0-301F-11D3-BF4B-00C04F79EFBC}") = "Unity.VisualStudio.Editor", "Unity.VisualStudio.Editor.csproj", "{BD1B2CF1-2095-EC95-2EF4-6137CB7B4C62}"
EndProject
Project("{FAE04EC0-301F-11D3-BF4B-00C04F79EFBC}") = "Unity.Timeline.Editor", "Unity.Timeline.Editor.csproj", "{8E1D0772-6701-1863-03C1-8C2D8C58E0B5}"
EndProject
Project("{FAE04EC0-301F-11D3-BF4B-00C04F79EFBC}") = "com.unity.cinemachine.editor", "com.unity.cinemachine.editor.csproj", "{616B09C2-D2F9-1E90-021B-BCEDCBE3D629}"
EndProject
Project("{FAE04EC0-301F-11D3-BF4B-00C04F79EFBC}") = "Unity.VisualScripting.State.Editor", "Unity.VisualScripting.State.Editor.csproj", "{F809EDE8-5785-27C9-D794-FA263A455ABA}"
EndProject
Project("{FAE04EC0-301F-11D3-BF4B-00C04F79EFBC}") = "Unity.TextMeshPro.Editor", "Unity.TextMeshPro.Editor.csproj", "{54470265-FE9A-FEA5-4F8E-DBDD2E4EFE07}"
EndProject
Project("{FAE04EC0-301F-11D3-BF4B-00C04F79EFBC}") = "Unity.VisualScripting.SettingsProvider.Editor", "Unity.VisualScripting.SettingsProvider.Editor.csproj", "{464CA8D1-06F6-9465-D085-3F903DCFB693}"
EndProject
Project("{FAE04EC0-301F-11D3-BF4B-00C04F79EFBC}") = "Unity.CollabProxy.Editor", "Unity.CollabProxy.Editor.csproj", "{CB91D928-BCDA-C1B2-0BE1-A127806A1E6C}"
EndProject
Project("{FAE04EC0-301F-11D3-BF4B-00C04F79EFBC}") = "UnityEditor.TestRunner", "UnityEditor.TestRunner.csproj", "{1384E40B-F444-6DFC-15CE-637A1010ADD5}"
EndProject
Project("{FAE04EC0-301F-11D3-BF4B-00C04F79EFBC}") = "Unity.TestTools.CodeCoverage.Editor", "Unity.TestTools.CodeCoverage.Editor.csproj", "{72F89134-7FD9-4121-3359-9F0FC0B2B35F}"
EndProject
Project("{FAE04EC0-301F-11D3-BF4B-00C04F79EFBC}") = "Unity.Rider.Editor", "Unity.Rider.Editor.csproj", "{9A66A967-9201-CD04-F5DF-DD6936952E94}"
EndProject
Project("{FAE04EC0-301F-11D3-BF4B-00C04F79EFBC}") = "Unity.Services.Core.Editor", "Unity.Services.Core.Editor.csproj", "{3E74629E-3E84-BAC3-C316-004343FE5174}"
EndProject
Project("{FAE04EC0-301F-11D3-BF4B-00C04F79EFBC}") = "Unity.Performance.Profile-Analyzer.Editor", "Unity.Performance.Profile-Analyzer.Editor.csproj", "{6D393759-5BF1-DE5E-5B8C-41BE1A578B3C}"
EndProject
Project("{FAE04EC0-301F-11D3-BF4B-00C04F79EFBC}") = "Unity.VSCode.Editor", "Unity.VSCode.Editor.csproj", "{C04DBB75-7D78-6BAC-2D2D-802B824F55E9}"
EndProject
Project("{FAE04EC0-301F-11D3-BF4B-00C04F79EFBC}") = "UnityEditor.UI", "UnityEditor.UI.csproj", "{38A382AD-A0C4-DB2E-3485-ABC65C377CB9}"
EndProject
Project("{FAE04EC0-301F-11D3-BF4B-00C04F79EFBC}") = "Unity.TestTools.CodeCoverage.Editor.OpenCover.Model", "Unity.TestTools.CodeCoverage.Editor.OpenCover.Model.csproj", "{60A42EE5-C3CD-EA2B-BEEE-84A7D45E3DD6}"
EndProject
Project("{FAE04EC0-301F-11D3-BF4B-00C04F79EFBC}") = "Unity.EditorCoroutines.Editor", "Unity.EditorCoroutines.Editor.csproj", "{E9B9C72F-2444-F389-4D36-848DB2C01692}"
EndProject
Project("{FAE04EC0-301F-11D3-BF4B-00C04F79EFBC}") = "Unity.Settings.Editor", "Unity.Settings.Editor.csproj", "{104F8172-D128-9075-9CF3-20DA79616DD9}"
EndProject
Project("{FAE04EC0-301F-11D3-BF4B-00C04F79EFBC}") = "Unity.TestTools.CodeCoverage.Editor.OpenCover.Mono.Reflection", "Unity.TestTools.CodeCoverage.Editor.OpenCover.Mono.Reflection.csproj", "{47753B06-5701-E3BC-6901-D49582B82207}"
EndProject
Project("{FAE04EC0-301F-11D3-BF4B-00C04F79EFBC}") = "Unity.VisualScripting.Shared.Editor", "Unity.VisualScripting.Shared.Editor.csproj", "{7A3724DB-EF09-242F-3D5D-121F3BA5E42B}"
EndProject
Project("{FAE04EC0-301F-11D3-BF4B-00C04F79EFBC}") = "UnityEngine.TestRunner", "UnityEngine.TestRunner.Player.csproj", "{18C66853-3FB2-6303-4E9D-B60205A6C359}"
EndProject
Project("{FAE04EC0-301F-11D3-BF4B-00C04F79EFBC}") = "UnityEngine.UI", "UnityEngine.UI.Player.csproj", "{8698E688-F825-42F0-6F0F-57A7B70E39B2}"
EndProject
Project("{FAE04EC0-301F-11D3-BF4B-00C04F79EFBC}") = "Unity.VisualScripting.Flow", "Unity.VisualScripting.Flow.Player.csproj", "{63260B16-4C66-6AF3-3102-88F022D104DD}"
EndProject
Project("{FAE04EC0-301F-11D3-BF4B-00C04F79EFBC}") = "Unity.VisualScripting.State", "Unity.VisualScripting.State.Player.csproj", "{76B86196-2F18-64C7-1560-CD98C13221DF}"
EndProject
Project("{FAE04EC0-301F-11D3-BF4B-00C04F79EFBC}") = "Unity.VisualScripting.Core", "Unity.VisualScripting.Core.Player.csproj", "{D4207D48-76EB-5E0F-8FFD-857CA37634AD}"
EndProject
Project("{FAE04EC0-301F-11D3-BF4B-00C04F79EFBC}") = "Unity.TextMeshPro", "Unity.TextMeshPro.Player.csproj", "{6589F899-491F-B50C-28E6-8E61867823D5}"
EndProject
Project("{FAE04EC0-301F-11D3-BF4B-00C04F79EFBC}") = "Cinemachine", "Cinemachine.Player.csproj", "{82F0A993-C6C4-B664-DF75-1E1743702163}"
EndProject
Project("{FAE04EC0-301F-11D3-BF4B-00C04F79EFBC}") = "Unity.Timeline", "Unity.Timeline.Player.csproj", "{1933BAA8-1D17-1884-0BDE-8F61D32F6B8F}"
EndProject
Project("{FAE04EC0-301F-11D3-BF4B-00C04F79EFBC}") = "Assembly-CSharp", "Assembly-CSharp.Player.csproj", "{0972F885-5292-0D7E-2711-1781C292F050}"
EndProject
Global
	GlobalSection(SolutionConfigurationPlatforms) = preSolution
		Debug|Any CPU = Debug|Any CPU
		Release|Any CPU = Release|Any CPU
	EndGlobalSection
	GlobalSection(ProjectConfigurationPlatforms) = postSolution
		{84103787-A966-8253-C9DE-3BC00B4CB50F}.Debug|Any CPU.ActiveCfg = Debug|Any CPU
		{84103787-A966-8253-C9DE-3BC00B4CB50F}.Debug|Any CPU.Build.0 = Debug|Any CPU
		{84103787-A966-8253-C9DE-3BC00B4CB50F}.Release|Any CPU.ActiveCfg = Release|Any CPU
		{84103787-A966-8253-C9DE-3BC00B4CB50F}.Release|Any CPU.Build.0 = Release|Any CPU
		{F2DBB3AB-A8BC-F96A-BF53-09B4AFD4EA31}.Debug|Any CPU.ActiveCfg = Debug|Any CPU
		{F2DBB3AB-A8BC-F96A-BF53-09B4AFD4EA31}.Debug|Any CPU.Build.0 = Debug|Any CPU
		{F2DBB3AB-A8BC-F96A-BF53-09B4AFD4EA31}.Release|Any CPU.ActiveCfg = Release|Any CPU
		{F2DBB3AB-A8BC-F96A-BF53-09B4AFD4EA31}.Release|Any CPU.Build.0 = Release|Any CPU
		{D228E2A9-AF33-43A6-8716-87FD6B6DB207}.Debug|Any CPU.ActiveCfg = Debug|Any CPU
		{D228E2A9-AF33-43A6-8716-87FD6B6DB207}.Debug|Any CPU.Build.0 = Debug|Any CPU
		{D228E2A9-AF33-43A6-8716-87FD6B6DB207}.Release|Any CPU.ActiveCfg = Release|Any CPU
		{D228E2A9-AF33-43A6-8716-87FD6B6DB207}.Release|Any CPU.Build.0 = Release|Any CPU
		{F16AD684-61EF-3E83-AA5A-1892342D4489}.Debug|Any CPU.ActiveCfg = Debug|Any CPU
		{F16AD684-61EF-3E83-AA5A-1892342D4489}.Debug|Any CPU.Build.0 = Debug|Any CPU
		{F16AD684-61EF-3E83-AA5A-1892342D4489}.Release|Any CPU.ActiveCfg = Release|Any CPU
		{F16AD684-61EF-3E83-AA5A-1892342D4489}.Release|Any CPU.Build.0 = Release|Any CPU
		{D333EEED-FE85-FA61-5E6D-C6C83629AAD1}.Debug|Any CPU.ActiveCfg = Debug|Any CPU
		{D333EEED-FE85-FA61-5E6D-C6C83629AAD1}.Debug|Any CPU.Build.0 = Debug|Any CPU
		{D333EEED-FE85-FA61-5E6D-C6C83629AAD1}.Release|Any CPU.ActiveCfg = Release|Any CPU
		{D333EEED-FE85-FA61-5E6D-C6C83629AAD1}.Release|Any CPU.Build.0 = Release|Any CPU
		{FA60D288-1CFC-236D-0CA6-75637A33CFF3}.Debug|Any CPU.ActiveCfg = Debug|Any CPU
		{FA60D288-1CFC-236D-0CA6-75637A33CFF3}.Debug|Any CPU.Build.0 = Debug|Any CPU
		{FA60D288-1CFC-236D-0CA6-75637A33CFF3}.Release|Any CPU.ActiveCfg = Release|Any CPU
		{FA60D288-1CFC-236D-0CA6-75637A33CFF3}.Release|Any CPU.Build.0 = Release|Any CPU
		{8636F918-467C-3CE7-58C6-DFF4EBCE48F9}.Debug|Any CPU.ActiveCfg = Debug|Any CPU
		{8636F918-467C-3CE7-58C6-DFF4EBCE48F9}.Debug|Any CPU.Build.0 = Debug|Any CPU
		{8636F918-467C-3CE7-58C6-DFF4EBCE48F9}.Release|Any CPU.ActiveCfg = Release|Any CPU
		{8636F918-467C-3CE7-58C6-DFF4EBCE48F9}.Release|Any CPU.Build.0 = Release|Any CPU
		{69A3511D-25BD-B937-926F-5FF995A78B67}.Debug|Any CPU.ActiveCfg = Debug|Any CPU
		{69A3511D-25BD-B937-926F-5FF995A78B67}.Debug|Any CPU.Build.0 = Debug|Any CPU
		{69A3511D-25BD-B937-926F-5FF995A78B67}.Release|Any CPU.ActiveCfg = Release|Any CPU
		{69A3511D-25BD-B937-926F-5FF995A78B67}.Release|Any CPU.Build.0 = Release|Any CPU
		{8832940D-1987-5535-E45B-2F523580E12E}.Debug|Any CPU.ActiveCfg = Debug|Any CPU
		{8832940D-1987-5535-E45B-2F523580E12E}.Debug|Any CPU.Build.0 = Debug|Any CPU
		{8832940D-1987-5535-E45B-2F523580E12E}.Release|Any CPU.ActiveCfg = Release|Any CPU
		{8832940D-1987-5535-E45B-2F523580E12E}.Release|Any CPU.Build.0 = Release|Any CPU
		{D17823C7-F0A4-35BE-F5EB-AD17ECB2DE9D}.Debug|Any CPU.ActiveCfg = Debug|Any CPU
		{D17823C7-F0A4-35BE-F5EB-AD17ECB2DE9D}.Debug|Any CPU.Build.0 = Debug|Any CPU
		{D17823C7-F0A4-35BE-F5EB-AD17ECB2DE9D}.Release|Any CPU.ActiveCfg = Release|Any CPU
		{D17823C7-F0A4-35BE-F5EB-AD17ECB2DE9D}.Release|Any CPU.Build.0 = Release|Any CPU
		{ACAD3B72-8E49-4DCE-0502-877168605900}.Debug|Any CPU.ActiveCfg = Debug|Any CPU
		{ACAD3B72-8E49-4DCE-0502-877168605900}.Debug|Any CPU.Build.0 = Debug|Any CPU
		{ACAD3B72-8E49-4DCE-0502-877168605900}.Release|Any CPU.ActiveCfg = Release|Any CPU
		{ACAD3B72-8E49-4DCE-0502-877168605900}.Release|Any CPU.Build.0 = Release|Any CPU
		{AF630925-19DC-EEC6-591D-E6500D3AA078}.Debug|Any CPU.ActiveCfg = Debug|Any CPU
		{AF630925-19DC-EEC6-591D-E6500D3AA078}.Debug|Any CPU.Build.0 = Debug|Any CPU
		{AF630925-19DC-EEC6-591D-E6500D3AA078}.Release|Any CPU.ActiveCfg = Release|Any CPU
		{AF630925-19DC-EEC6-591D-E6500D3AA078}.Release|Any CPU.Build.0 = Release|Any CPU
		{BD1B2CF1-2095-EC95-2EF4-6137CB7B4C62}.Debug|Any CPU.ActiveCfg = Debug|Any CPU
		{BD1B2CF1-2095-EC95-2EF4-6137CB7B4C62}.Debug|Any CPU.Build.0 = Debug|Any CPU
		{BD1B2CF1-2095-EC95-2EF4-6137CB7B4C62}.Release|Any CPU.ActiveCfg = Release|Any CPU
		{BD1B2CF1-2095-EC95-2EF4-6137CB7B4C62}.Release|Any CPU.Build.0 = Release|Any CPU
		{8E1D0772-6701-1863-03C1-8C2D8C58E0B5}.Debug|Any CPU.ActiveCfg = Debug|Any CPU
		{8E1D0772-6701-1863-03C1-8C2D8C58E0B5}.Debug|Any CPU.Build.0 = Debug|Any CPU
		{8E1D0772-6701-1863-03C1-8C2D8C58E0B5}.Release|Any CPU.ActiveCfg = Release|Any CPU
		{8E1D0772-6701-1863-03C1-8C2D8C58E0B5}.Release|Any CPU.Build.0 = Release|Any CPU
		{616B09C2-D2F9-1E90-021B-BCEDCBE3D629}.Debug|Any CPU.ActiveCfg = Debug|Any CPU
		{616B09C2-D2F9-1E90-021B-BCEDCBE3D629}.Debug|Any CPU.Build.0 = Debug|Any CPU
		{616B09C2-D2F9-1E90-021B-BCEDCBE3D629}.Release|Any CPU.ActiveCfg = Release|Any CPU
		{616B09C2-D2F9-1E90-021B-BCEDCBE3D629}.Release|Any CPU.Build.0 = Release|Any CPU
		{F809EDE8-5785-27C9-D794-FA263A455ABA}.Debug|Any CPU.ActiveCfg = Debug|Any CPU
		{F809EDE8-5785-27C9-D794-FA263A455ABA}.Debug|Any CPU.Build.0 = Debug|Any CPU
		{F809EDE8-5785-27C9-D794-FA263A455ABA}.Release|Any CPU.ActiveCfg = Release|Any CPU
		{F809EDE8-5785-27C9-D794-FA263A455ABA}.Release|Any CPU.Build.0 = Release|Any CPU
		{54470265-FE9A-FEA5-4F8E-DBDD2E4EFE07}.Debug|Any CPU.ActiveCfg = Debug|Any CPU
		{54470265-FE9A-FEA5-4F8E-DBDD2E4EFE07}.Debug|Any CPU.Build.0 = Debug|Any CPU
		{54470265-FE9A-FEA5-4F8E-DBDD2E4EFE07}.Release|Any CPU.ActiveCfg = Release|Any CPU
		{54470265-FE9A-FEA5-4F8E-DBDD2E4EFE07}.Release|Any CPU.Build.0 = Release|Any CPU
		{464CA8D1-06F6-9465-D085-3F903DCFB693}.Debug|Any CPU.ActiveCfg = Debug|Any CPU
		{464CA8D1-06F6-9465-D085-3F903DCFB693}.Debug|Any CPU.Build.0 = Debug|Any CPU
		{464CA8D1-06F6-9465-D085-3F903DCFB693}.Release|Any CPU.ActiveCfg = Release|Any CPU
		{464CA8D1-06F6-9465-D085-3F903DCFB693}.Release|Any CPU.Build.0 = Release|Any CPU
		{CB91D928-BCDA-C1B2-0BE1-A127806A1E6C}.Debug|Any CPU.ActiveCfg = Debug|Any CPU
		{CB91D928-BCDA-C1B2-0BE1-A127806A1E6C}.Debug|Any CPU.Build.0 = Debug|Any CPU
		{CB91D928-BCDA-C1B2-0BE1-A127806A1E6C}.Release|Any CPU.ActiveCfg = Release|Any CPU
		{CB91D928-BCDA-C1B2-0BE1-A127806A1E6C}.Release|Any CPU.Build.0 = Release|Any CPU
		{1384E40B-F444-6DFC-15CE-637A1010ADD5}.Debug|Any CPU.ActiveCfg = Debug|Any CPU
		{1384E40B-F444-6DFC-15CE-637A1010ADD5}.Debug|Any CPU.Build.0 = Debug|Any CPU
		{1384E40B-F444-6DFC-15CE-637A1010ADD5}.Release|Any CPU.ActiveCfg = Release|Any CPU
		{1384E40B-F444-6DFC-15CE-637A1010ADD5}.Release|Any CPU.Build.0 = Release|Any CPU
		{72F89134-7FD9-4121-3359-9F0FC0B2B35F}.Debug|Any CPU.ActiveCfg = Debug|Any CPU
		{72F89134-7FD9-4121-3359-9F0FC0B2B35F}.Debug|Any CPU.Build.0 = Debug|Any CPU
		{72F89134-7FD9-4121-3359-9F0FC0B2B35F}.Release|Any CPU.ActiveCfg = Release|Any CPU
		{72F89134-7FD9-4121-3359-9F0FC0B2B35F}.Release|Any CPU.Build.0 = Release|Any CPU
		{9A66A967-9201-CD04-F5DF-DD6936952E94}.Debug|Any CPU.ActiveCfg = Debug|Any CPU
		{9A66A967-9201-CD04-F5DF-DD6936952E94}.Debug|Any CPU.Build.0 = Debug|Any CPU
		{9A66A967-9201-CD04-F5DF-DD6936952E94}.Release|Any CPU.ActiveCfg = Release|Any CPU
		{9A66A967-9201-CD04-F5DF-DD6936952E94}.Release|Any CPU.Build.0 = Release|Any CPU
		{3E74629E-3E84-BAC3-C316-004343FE5174}.Debug|Any CPU.ActiveCfg = Debug|Any CPU
		{3E74629E-3E84-BAC3-C316-004343FE5174}.Debug|Any CPU.Build.0 = Debug|Any CPU
		{3E74629E-3E84-BAC3-C316-004343FE5174}.Release|Any CPU.ActiveCfg = Release|Any CPU
		{3E74629E-3E84-BAC3-C316-004343FE5174}.Release|Any CPU.Build.0 = Release|Any CPU
		{6D393759-5BF1-DE5E-5B8C-41BE1A578B3C}.Debug|Any CPU.ActiveCfg = Debug|Any CPU
		{6D393759-5BF1-DE5E-5B8C-41BE1A578B3C}.Debug|Any CPU.Build.0 = Debug|Any CPU
		{6D393759-5BF1-DE5E-5B8C-41BE1A578B3C}.Release|Any CPU.ActiveCfg = Release|Any CPU
		{6D393759-5BF1-DE5E-5B8C-41BE1A578B3C}.Release|Any CPU.Build.0 = Release|Any CPU
		{C04DBB75-7D78-6BAC-2D2D-802B824F55E9}.Debug|Any CPU.ActiveCfg = Debug|Any CPU
		{C04DBB75-7D78-6BAC-2D2D-802B824F55E9}.Debug|Any CPU.Build.0 = Debug|Any CPU
		{C04DBB75-7D78-6BAC-2D2D-802B824F55E9}.Release|Any CPU.ActiveCfg = Release|Any CPU
		{C04DBB75-7D78-6BAC-2D2D-802B824F55E9}.Release|Any CPU.Build.0 = Release|Any CPU
		{38A382AD-A0C4-DB2E-3485-ABC65C377CB9}.Debug|Any CPU.ActiveCfg = Debug|Any CPU
		{38A382AD-A0C4-DB2E-3485-ABC65C377CB9}.Debug|Any CPU.Build.0 = Debug|Any CPU
		{38A382AD-A0C4-DB2E-3485-ABC65C377CB9}.Release|Any CPU.ActiveCfg = Release|Any CPU
		{38A382AD-A0C4-DB2E-3485-ABC65C377CB9}.Release|Any CPU.Build.0 = Release|Any CPU
		{60A42EE5-C3CD-EA2B-BEEE-84A7D45E3DD6}.Debug|Any CPU.ActiveCfg = Debug|Any CPU
		{60A42EE5-C3CD-EA2B-BEEE-84A7D45E3DD6}.Debug|Any CPU.Build.0 = Debug|Any CPU
		{60A42EE5-C3CD-EA2B-BEEE-84A7D45E3DD6}.Release|Any CPU.ActiveCfg = Release|Any CPU
		{60A42EE5-C3CD-EA2B-BEEE-84A7D45E3DD6}.Release|Any CPU.Build.0 = Release|Any CPU
		{E9B9C72F-2444-F389-4D36-848DB2C01692}.Debug|Any CPU.ActiveCfg = Debug|Any CPU
		{E9B9C72F-2444-F389-4D36-848DB2C01692}.Debug|Any CPU.Build.0 = Debug|Any CPU
		{E9B9C72F-2444-F389-4D36-848DB2C01692}.Release|Any CPU.ActiveCfg = Release|Any CPU
		{E9B9C72F-2444-F389-4D36-848DB2C01692}.Release|Any CPU.Build.0 = Release|Any CPU
		{104F8172-D128-9075-9CF3-20DA79616DD9}.Debug|Any CPU.ActiveCfg = Debug|Any CPU
		{104F8172-D128-9075-9CF3-20DA79616DD9}.Debug|Any CPU.Build.0 = Debug|Any CPU
		{104F8172-D128-9075-9CF3-20DA79616DD9}.Release|Any CPU.ActiveCfg = Release|Any CPU
		{104F8172-D128-9075-9CF3-20DA79616DD9}.Release|Any CPU.Build.0 = Release|Any CPU
		{47753B06-5701-E3BC-6901-D49582B82207}.Debug|Any CPU.ActiveCfg = Debug|Any CPU
		{47753B06-5701-E3BC-6901-D49582B82207}.Debug|Any CPU.Build.0 = Debug|Any CPU
		{47753B06-5701-E3BC-6901-D49582B82207}.Release|Any CPU.ActiveCfg = Release|Any CPU
		{47753B06-5701-E3BC-6901-D49582B82207}.Release|Any CPU.Build.0 = Release|Any CPU
		{7A3724DB-EF09-242F-3D5D-121F3BA5E42B}.Debug|Any CPU.ActiveCfg = Debug|Any CPU
		{7A3724DB-EF09-242F-3D5D-121F3BA5E42B}.Debug|Any CPU.Build.0 = Debug|Any CPU
		{7A3724DB-EF09-242F-3D5D-121F3BA5E42B}.Release|Any CPU.ActiveCfg = Release|Any CPU
		{7A3724DB-EF09-242F-3D5D-121F3BA5E42B}.Release|Any CPU.Build.0 = Release|Any CPU
		{18C66853-3FB2-6303-4E9D-B60205A6C359}.Debug|Any CPU.ActiveCfg = Debug|Any CPU
		{18C66853-3FB2-6303-4E9D-B60205A6C359}.Debug|Any CPU.Build.0 = Debug|Any CPU
		{18C66853-3FB2-6303-4E9D-B60205A6C359}.Release|Any CPU.ActiveCfg = Release|Any CPU
		{18C66853-3FB2-6303-4E9D-B60205A6C359}.Release|Any CPU.Build.0 = Release|Any CPU
		{8698E688-F825-42F0-6F0F-57A7B70E39B2}.Debug|Any CPU.ActiveCfg = Debug|Any CPU
		{8698E688-F825-42F0-6F0F-57A7B70E39B2}.Debug|Any CPU.Build.0 = Debug|Any CPU
		{8698E688-F825-42F0-6F0F-57A7B70E39B2}.Release|Any CPU.ActiveCfg = Release|Any CPU
		{8698E688-F825-42F0-6F0F-57A7B70E39B2}.Release|Any CPU.Build.0 = Release|Any CPU
		{63260B16-4C66-6AF3-3102-88F022D104DD}.Debug|Any CPU.ActiveCfg = Debug|Any CPU
		{63260B16-4C66-6AF3-3102-88F022D104DD}.Debug|Any CPU.Build.0 = Debug|Any CPU
		{63260B16-4C66-6AF3-3102-88F022D104DD}.Release|Any CPU.ActiveCfg = Release|Any CPU
		{63260B16-4C66-6AF3-3102-88F022D104DD}.Release|Any CPU.Build.0 = Release|Any CPU
		{76B86196-2F18-64C7-1560-CD98C13221DF}.Debug|Any CPU.ActiveCfg = Debug|Any CPU
		{76B86196-2F18-64C7-1560-CD98C13221DF}.Debug|Any CPU.Build.0 = Debug|Any CPU
		{76B86196-2F18-64C7-1560-CD98C13221DF}.Release|Any CPU.ActiveCfg = Release|Any CPU
		{76B86196-2F18-64C7-1560-CD98C13221DF}.Release|Any CPU.Build.0 = Release|Any CPU
		{D4207D48-76EB-5E0F-8FFD-857CA37634AD}.Debug|Any CPU.ActiveCfg = Debug|Any CPU
		{D4207D48-76EB-5E0F-8FFD-857CA37634AD}.Debug|Any CPU.Build.0 = Debug|Any CPU
		{D4207D48-76EB-5E0F-8FFD-857CA37634AD}.Release|Any CPU.ActiveCfg = Release|Any CPU
		{D4207D48-76EB-5E0F-8FFD-857CA37634AD}.Release|Any CPU.Build.0 = Release|Any CPU
		{6589F899-491F-B50C-28E6-8E61867823D5}.Debug|Any CPU.ActiveCfg = Debug|Any CPU
		{6589F899-491F-B50C-28E6-8E61867823D5}.Debug|Any CPU.Build.0 = Debug|Any CPU
		{6589F899-491F-B50C-28E6-8E61867823D5}.Release|Any CPU.ActiveCfg = Release|Any CPU
		{6589F899-491F-B50C-28E6-8E61867823D5}.Release|Any CPU.Build.0 = Release|Any CPU
		{82F0A993-C6C4-B664-DF75-1E1743702163}.Debug|Any CPU.ActiveCfg = Debug|Any CPU
		{82F0A993-C6C4-B664-DF75-1E1743702163}.Debug|Any CPU.Build.0 = Debug|Any CPU
		{82F0A993-C6C4-B664-DF75-1E1743702163}.Release|Any CPU.ActiveCfg = Release|Any CPU
		{82F0A993-C6C4-B664-DF75-1E1743702163}.Release|Any CPU.Build.0 = Release|Any CPU
		{1933BAA8-1D17-1884-0BDE-8F61D32F6B8F}.Debug|Any CPU.ActiveCfg = Debug|Any CPU
		{1933BAA8-1D17-1884-0BDE-8F61D32F6B8F}.Debug|Any CPU.Build.0 = Debug|Any CPU
		{1933BAA8-1D17-1884-0BDE-8F61D32F6B8F}.Release|Any CPU.ActiveCfg = Release|Any CPU
		{1933BAA8-1D17-1884-0BDE-8F61D32F6B8F}.Release|Any CPU.Build.0 = Release|Any CPU
		{0972F885-5292-0D7E-2711-1781C292F050}.Debug|Any CPU.ActiveCfg = Debug|Any CPU
		{0972F885-5292-0D7E-2711-1781C292F050}.Debug|Any CPU.Build.0 = Debug|Any CPU
		{0972F885-5292-0D7E-2711-1781C292F050}.Release|Any CPU.ActiveCfg = Release|Any CPU
		{0972F885-5292-0D7E-2711-1781C292F050}.Release|Any CPU.Build.0 = Release|Any CPU
	EndGlobalSection
	GlobalSection(SolutionProperties) = preSolution
		HideSolutionNode = FALSE
	EndGlobalSection
EndGlobal
