
Microsoft Visual Studio Solution File, Format Version 11.00
# Visual Studio 2010
Project("{FAE04EC0-301F-11D3-BF4B-00C04F79EFBC}") = "UnityEngine.UI", "UnityEngine.UI.csproj", "{abb3dbf2-bca8-6af9-bf53-09b4afd4ea31}"
EndProject
Project("{FAE04EC0-301F-11D3-BF4B-00C04F79EFBC}") = "Unity.RenderPipelines.Core.Runtime", "Unity.RenderPipelines.Core.Runtime.csproj", "{b2a8d4f5-f4e3-fefb-3a98-553be6096397}"
EndProject
Project("{FAE04EC0-301F-11D3-BF4B-00C04F79EFBC}") = "UnityEngine.TestRunner", "UnityEngine.TestRunner.csproj", "{87371084-66a9-5382-c9de-3bc00b4cb50f}"
EndProject
Project("{FAE04EC0-301F-11D3-BF4B-00C04F79EFBC}") = "Unity.VisualScripting.Flow", "Unity.VisualScripting.Flow.csproj", "{a9e228d2-33af-a643-8716-87fd6b6db207}"
EndProject
Project("{FAE04EC0-301F-11D3-BF4B-00C04F79EFBC}") = "Unity.Mathematics", "Unity.Mathematics.csproj", "{b3bc6ea2-d2dc-5748-10cc-6ba504e6868d}"
EndProject
Project("{FAE04EC0-301F-11D3-BF4B-00C04F79EFBC}") = "Assembly-CSharp", "Assembly-CSharp.csproj", "{0d943288-8719-3555-e45b-2f523580e12e}"
EndProject
Project("{FAE04EC0-301F-11D3-BF4B-00C04F79EFBC}") = "Unity.VisualScripting.State", "Unity.VisualScripting.State.csproj", "{84d66af1-ef61-833e-aa5a-1892342d4489}"
EndProject
Project("{FAE04EC0-301F-11D3-BF4B-00C04F79EFBC}") = "Unity.VisualScripting.Core", "Unity.VisualScripting.Core.csproj", "{edee33d3-85fe-61fa-5e6d-c6c83629aad1}"
EndProject
Project("{FAE04EC0-301F-11D3-BF4B-00C04F79EFBC}") = "Unity.RenderPipelines.Universal.Runtime", "Unity.RenderPipelines.Universal.Runtime.csproj", "{a0a1b306-d30a-1ee7-8429-c7d91c7b6b81}"
EndProject
Project("{FAE04EC0-301F-11D3-BF4B-00C04F79EFBC}") = "Unity.Burst", "Unity.Burst.csproj", "{df90dcd5-baf7-b351-e4fe-232d27f59d36}"
EndProject
Project("{FAE04EC0-301F-11D3-BF4B-00C04F79EFBC}") = "Unity.TextMeshPro", "Unity.TextMeshPro.csproj", "{88d260fa-fc1c-6d23-0ca6-75637a33cff3}"
EndProject
Project("{FAE04EC0-301F-11D3-BF4B-00C04F79EFBC}") = "Cinemachine", "Cinemachine.csproj", "{18f93686-7c46-e73c-58c6-dff4ebce48f9}"
EndProject
Project("{FAE04EC0-301F-11D3-BF4B-00C04F79EFBC}") = "Unity.Timeline", "Unity.Timeline.csproj", "{1d51a369-bd25-37b9-926f-5ff995a78b67}"
EndProject
Project("{FAE04EC0-301F-11D3-BF4B-00C04F79EFBC}") = "Unity.RenderPipeline.Universal.ShaderLibrary", "Unity.RenderPipeline.Universal.ShaderLibrary.csproj", "{e628e68a-480a-4c50-337b-0f13b1def26c}"
EndProject
Project("{FAE04EC0-301F-11D3-BF4B-00C04F79EFBC}") = "Unity.RenderPipelines.Core.ShaderLibrary", "Unity.RenderPipelines.Core.ShaderLibrary.csproj", "{d1f9aae0-aa19-a5c2-b1d7-e9b7ebf754a3}"
EndProject
Project("{FAE04EC0-301F-11D3-BF4B-00C04F79EFBC}") = "Unity.RenderPipelines.Universal.Shaders", "Unity.RenderPipelines.Universal.Shaders.csproj", "{97b0542f-5d64-4143-4665-fce0fbd35154}"
EndProject
Project("{FAE04EC0-301F-11D3-BF4B-00C04F79EFBC}") = "Unity.RenderPipelines.ShaderGraph.ShaderGraphLibrary", "Unity.RenderPipelines.ShaderGraph.ShaderGraphLibrary.csproj", "{800380f7-b7ff-d10e-3fb4-fdecdee925f8}"
EndProject
Project("{FAE04EC0-301F-11D3-BF4B-00C04F79EFBC}") = "Unity.PlasticSCM.Editor", "Unity.PlasticSCM.Editor.csproj", "{c72378d1-a4f0-be35-f5eb-ad17ecb2de9d}"
EndProject
Project("{FAE04EC0-301F-11D3-BF4B-00C04F79EFBC}") = "Unity.VisualScripting.Core.Editor", "Unity.VisualScripting.Core.Editor.csproj", "{723badac-498e-ce4d-0502-877168605900}"
EndProject
Project("{FAE04EC0-301F-11D3-BF4B-00C04F79EFBC}") = "Unity.VisualScripting.Flow.Editor", "Unity.VisualScripting.Flow.Editor.csproj", "{250963af-dc19-c6ee-591d-e6500d3aa078}"
EndProject
Project("{FAE04EC0-301F-11D3-BF4B-00C04F79EFBC}") = "Unity.ShaderGraph.Editor", "Unity.ShaderGraph.Editor.csproj", "{f887bef2-4360-67b8-11ad-2544e653694a}"
EndProject
Project("{FAE04EC0-301F-11D3-BF4B-00C04F79EFBC}") = "Unity.VisualStudio.Editor", "Unity.VisualStudio.Editor.csproj", "{f12c1bbd-9520-95ec-2ef4-6137cb7b4c62}"
EndProject
Project("{FAE04EC0-301F-11D3-BF4B-00C04F79EFBC}") = "Unity.Timeline.Editor", "Unity.Timeline.Editor.csproj", "{72071d8e-0167-6318-03c1-8c2d8c58e0b5}"
EndProject
Project("{FAE04EC0-301F-11D3-BF4B-00C04F79EFBC}") = "Unity.RenderPipelines.Universal.Editor", "Unity.RenderPipelines.Universal.Editor.csproj", "{2cd828b3-b715-56d9-428d-0d7210a8029c}"
EndProject
Project("{FAE04EC0-301F-11D3-BF4B-00C04F79EFBC}") = "com.unity.cinemachine.editor", "com.unity.cinemachine.editor.csproj", "{c2096b61-f9d2-901e-021b-bcedcbe3d629}"
EndProject
Project("{FAE04EC0-301F-11D3-BF4B-00C04F79EFBC}") = "Unity.VisualScripting.State.Editor", "Unity.VisualScripting.State.Editor.csproj", "{e8ed09f8-8557-c927-d794-fa263a455aba}"
EndProject
Project("{FAE04EC0-301F-11D3-BF4B-00C04F79EFBC}") = "Unity.TextMeshPro.Editor", "Unity.TextMeshPro.Editor.csproj", "{65024754-9afe-a5fe-4f8e-dbdd2e4efe07}"
EndProject
Project("{FAE04EC0-301F-11D3-BF4B-00C04F79EFBC}") = "Unity.RenderPipelines.Core.Editor", "Unity.RenderPipelines.Core.Editor.csproj", "{a6394d87-cdde-0036-a046-22bf82f2207e}"
EndProject
Project("{FAE04EC0-301F-11D3-BF4B-00C04F79EFBC}") = "Unity.VisualScripting.SettingsProvider.Editor", "Unity.VisualScripting.SettingsProvider.Editor.csproj", "{d1a84c46-f606-6594-d085-3f903dcfb693}"
EndProject
Project("{FAE04EC0-301F-11D3-BF4B-00C04F79EFBC}") = "Unity.CollabProxy.Editor", "Unity.CollabProxy.Editor.csproj", "{28d991cb-dabc-b2c1-0be1-a127806a1e6c}"
EndProject
Project("{FAE04EC0-301F-11D3-BF4B-00C04F79EFBC}") = "UnityEditor.TestRunner", "UnityEditor.TestRunner.csproj", "{0be48413-44f4-fc6d-15ce-637a1010add5}"
EndProject
Project("{FAE04EC0-301F-11D3-BF4B-00C04F79EFBC}") = "Unity.TestTools.CodeCoverage.Editor", "Unity.TestTools.CodeCoverage.Editor.csproj", "{3491f872-d97f-2141-3359-9f0fc0b2b35f}"
EndProject
Project("{FAE04EC0-301F-11D3-BF4B-00C04F79EFBC}") = "Unity.Rider.Editor", "Unity.Rider.Editor.csproj", "{67a9669a-0192-04cd-f5df-dd6936952e94}"
EndProject
Project("{FAE04EC0-301F-11D3-BF4B-00C04F79EFBC}") = "Unity.Services.Core.Editor", "Unity.Services.Core.Editor.csproj", "{9e62743e-843e-c3ba-c316-004343fe5174}"
EndProject
Project("{FAE04EC0-301F-11D3-BF4B-00C04F79EFBC}") = "Unity.Performance.Profile-Analyzer.Editor", "Unity.Performance.Profile-Analyzer.Editor.csproj", "{5937396d-f15b-5ede-5b8c-41be1a578b3c}"
EndProject
Project("{FAE04EC0-301F-11D3-BF4B-00C04F79EFBC}") = "Unity.Searcher.Editor", "Unity.Searcher.Editor.csproj", "{ee931a88-14e8-d638-8907-f96fb07a00ff}"
EndProject
Project("{FAE04EC0-301F-11D3-BF4B-00C04F79EFBC}") = "Unity.Burst.CodeGen", "Unity.Burst.CodeGen.csproj", "{78f2d935-31ec-cf2b-5b9d-3c7437c7e9cf}"
EndProject
Project("{FAE04EC0-301F-11D3-BF4B-00C04F79EFBC}") = "Unity.VSCode.Editor", "Unity.VSCode.Editor.csproj", "{75bb4dc0-787d-ac6b-2d2d-802b824f55e9}"
EndProject
Project("{FAE04EC0-301F-11D3-BF4B-00C04F79EFBC}") = "UnityEditor.UI", "UnityEditor.UI.csproj", "{ad82a338-c4a0-2edb-3485-abc65c377cb9}"
EndProject
Project("{FAE04EC0-301F-11D3-BF4B-00C04F79EFBC}") = "Unity.TestTools.CodeCoverage.Editor.OpenCover.Model", "Unity.TestTools.CodeCoverage.Editor.OpenCover.Model.csproj", "{e52ea460-cdc3-2bea-beee-84a7d45e3dd6}"
EndProject
Project("{FAE04EC0-301F-11D3-BF4B-00C04F79EFBC}") = "Unity.Settings.Editor", "Unity.Settings.Editor.csproj", "{72814f10-28d1-7590-9cf3-20da79616dd9}"
EndProject
Project("{FAE04EC0-301F-11D3-BF4B-00C04F79EFBC}") = "Unity.EditorCoroutines.Editor", "Unity.EditorCoroutines.Editor.csproj", "{2fc7b9e9-4424-89f3-4d36-848db2c01692}"
EndProject
Project("{FAE04EC0-301F-11D3-BF4B-00C04F79EFBC}") = "PPv2URPConverters", "PPv2URPConverters.csproj", "{6a4d71f0-264b-1908-02ee-8fabe8a22a7c}"
EndProject
Project("{FAE04EC0-301F-11D3-BF4B-00C04F79EFBC}") = "Unity.Mathematics.Editor", "Unity.Mathematics.Editor.csproj", "{3ed410ea-eeac-0d46-bd56-6766998c0e14}"
EndProject
Project("{FAE04EC0-301F-11D3-BF4B-00C04F79EFBC}") = "Unity.Burst.Editor", "Unity.Burst.Editor.csproj", "{b8f8e0fe-c1dd-a96d-c13c-f2816658912d}"
EndProject
Project("{FAE04EC0-301F-11D3-BF4B-00C04F79EFBC}") = "Unity.ShaderGraph.Utilities", "Unity.ShaderGraph.Utilities.csproj", "{57bb817c-40f7-041d-4899-fd28ef4e59d9}"
EndProject
Project("{FAE04EC0-301F-11D3-BF4B-00C04F79EFBC}") = "Unity.TestTools.CodeCoverage.Editor.OpenCover.Mono.Reflection", "Unity.TestTools.CodeCoverage.Editor.OpenCover.Mono.Reflection.csproj", "{063b7547-0157-bce3-6901-d49582b82207}"
EndProject
Project("{FAE04EC0-301F-11D3-BF4B-00C04F79EFBC}") = "Unity.VisualScripting.Shared.Editor", "Unity.VisualScripting.Shared.Editor.csproj", "{db24377a-09ef-2f24-3d5d-121f3ba5e42b}"
EndProject
Global
	GlobalSection(SolutionConfigurationPlatforms) = preSolution
		Debug|Any CPU = Debug|Any CPU
	EndGlobalSection
	GlobalSection(ProjectConfigurationPlatforms) = postSolution
		{abb3dbf2-bca8-6af9-bf53-09b4afd4ea31}.Debug|Any CPU.ActiveCfg = Debug|Any CPU
		{abb3dbf2-bca8-6af9-bf53-09b4afd4ea31}.Debug|Any CPU.Build.0 = Debug|Any CPU
		{b2a8d4f5-f4e3-fefb-3a98-553be6096397}.Debug|Any CPU.ActiveCfg = Debug|Any CPU
		{b2a8d4f5-f4e3-fefb-3a98-553be6096397}.Debug|Any CPU.Build.0 = Debug|Any CPU
		{87371084-66a9-5382-c9de-3bc00b4cb50f}.Debug|Any CPU.ActiveCfg = Debug|Any CPU
		{87371084-66a9-5382-c9de-3bc00b4cb50f}.Debug|Any CPU.Build.0 = Debug|Any CPU
		{a9e228d2-33af-a643-8716-87fd6b6db207}.Debug|Any CPU.ActiveCfg = Debug|Any CPU
		{a9e228d2-33af-a643-8716-87fd6b6db207}.Debug|Any CPU.Build.0 = Debug|Any CPU
		{b3bc6ea2-d2dc-5748-10cc-6ba504e6868d}.Debug|Any CPU.ActiveCfg = Debug|Any CPU
		{b3bc6ea2-d2dc-5748-10cc-6ba504e6868d}.Debug|Any CPU.Build.0 = Debug|Any CPU
		{0d943288-8719-3555-e45b-2f523580e12e}.Debug|Any CPU.ActiveCfg = Debug|Any CPU
		{0d943288-8719-3555-e45b-2f523580e12e}.Debug|Any CPU.Build.0 = Debug|Any CPU
		{84d66af1-ef61-833e-aa5a-1892342d4489}.Debug|Any CPU.ActiveCfg = Debug|Any CPU
		{84d66af1-ef61-833e-aa5a-1892342d4489}.Debug|Any CPU.Build.0 = Debug|Any CPU
		{edee33d3-85fe-61fa-5e6d-c6c83629aad1}.Debug|Any CPU.ActiveCfg = Debug|Any CPU
		{edee33d3-85fe-61fa-5e6d-c6c83629aad1}.Debug|Any CPU.Build.0 = Debug|Any CPU
		{a0a1b306-d30a-1ee7-8429-c7d91c7b6b81}.Debug|Any CPU.ActiveCfg = Debug|Any CPU
		{a0a1b306-d30a-1ee7-8429-c7d91c7b6b81}.Debug|Any CPU.Build.0 = Debug|Any CPU
		{df90dcd5-baf7-b351-e4fe-232d27f59d36}.Debug|Any CPU.ActiveCfg = Debug|Any CPU
		{df90dcd5-baf7-b351-e4fe-232d27f59d36}.Debug|Any CPU.Build.0 = Debug|Any CPU
		{88d260fa-fc1c-6d23-0ca6-75637a33cff3}.Debug|Any CPU.ActiveCfg = Debug|Any CPU
		{88d260fa-fc1c-6d23-0ca6-75637a33cff3}.Debug|Any CPU.Build.0 = Debug|Any CPU
		{18f93686-7c46-e73c-58c6-dff4ebce48f9}.Debug|Any CPU.ActiveCfg = Debug|Any CPU
		{18f93686-7c46-e73c-58c6-dff4ebce48f9}.Debug|Any CPU.Build.0 = Debug|Any CPU
		{1d51a369-bd25-37b9-926f-5ff995a78b67}.Debug|Any CPU.ActiveCfg = Debug|Any CPU
		{1d51a369-bd25-37b9-926f-5ff995a78b67}.Debug|Any CPU.Build.0 = Debug|Any CPU
		{e628e68a-480a-4c50-337b-0f13b1def26c}.Debug|Any CPU.ActiveCfg = Debug|Any CPU
		{e628e68a-480a-4c50-337b-0f13b1def26c}.Debug|Any CPU.Build.0 = Debug|Any CPU
		{d1f9aae0-aa19-a5c2-b1d7-e9b7ebf754a3}.Debug|Any CPU.ActiveCfg = Debug|Any CPU
		{d1f9aae0-aa19-a5c2-b1d7-e9b7ebf754a3}.Debug|Any CPU.Build.0 = Debug|Any CPU
		{97b0542f-5d64-4143-4665-fce0fbd35154}.Debug|Any CPU.ActiveCfg = Debug|Any CPU
		{97b0542f-5d64-4143-4665-fce0fbd35154}.Debug|Any CPU.Build.0 = Debug|Any CPU
		{800380f7-b7ff-d10e-3fb4-fdecdee925f8}.Debug|Any CPU.ActiveCfg = Debug|Any CPU
		{800380f7-b7ff-d10e-3fb4-fdecdee925f8}.Debug|Any CPU.Build.0 = Debug|Any CPU
		{c72378d1-a4f0-be35-f5eb-ad17ecb2de9d}.Debug|Any CPU.ActiveCfg = Debug|Any CPU
		{c72378d1-a4f0-be35-f5eb-ad17ecb2de9d}.Debug|Any CPU.Build.0 = Debug|Any CPU
		{723badac-498e-ce4d-0502-877168605900}.Debug|Any CPU.ActiveCfg = Debug|Any CPU
		{723badac-498e-ce4d-0502-877168605900}.Debug|Any CPU.Build.0 = Debug|Any CPU
		{250963af-dc19-c6ee-591d-e6500d3aa078}.Debug|Any CPU.ActiveCfg = Debug|Any CPU
		{250963af-dc19-c6ee-591d-e6500d3aa078}.Debug|Any CPU.Build.0 = Debug|Any CPU
		{f887bef2-4360-67b8-11ad-2544e653694a}.Debug|Any CPU.ActiveCfg = Debug|Any CPU
		{f887bef2-4360-67b8-11ad-2544e653694a}.Debug|Any CPU.Build.0 = Debug|Any CPU
		{f12c1bbd-9520-95ec-2ef4-6137cb7b4c62}.Debug|Any CPU.ActiveCfg = Debug|Any CPU
		{f12c1bbd-9520-95ec-2ef4-6137cb7b4c62}.Debug|Any CPU.Build.0 = Debug|Any CPU
		{72071d8e-0167-6318-03c1-8c2d8c58e0b5}.Debug|Any CPU.ActiveCfg = Debug|Any CPU
		{72071d8e-0167-6318-03c1-8c2d8c58e0b5}.Debug|Any CPU.Build.0 = Debug|Any CPU
		{2cd828b3-b715-56d9-428d-0d7210a8029c}.Debug|Any CPU.ActiveCfg = Debug|Any CPU
		{2cd828b3-b715-56d9-428d-0d7210a8029c}.Debug|Any CPU.Build.0 = Debug|Any CPU
		{c2096b61-f9d2-901e-021b-bcedcbe3d629}.Debug|Any CPU.ActiveCfg = Debug|Any CPU
		{c2096b61-f9d2-901e-021b-bcedcbe3d629}.Debug|Any CPU.Build.0 = Debug|Any CPU
		{e8ed09f8-8557-c927-d794-fa263a455aba}.Debug|Any CPU.ActiveCfg = Debug|Any CPU
		{e8ed09f8-8557-c927-d794-fa263a455aba}.Debug|Any CPU.Build.0 = Debug|Any CPU
		{65024754-9afe-a5fe-4f8e-dbdd2e4efe07}.Debug|Any CPU.ActiveCfg = Debug|Any CPU
		{65024754-9afe-a5fe-4f8e-dbdd2e4efe07}.Debug|Any CPU.Build.0 = Debug|Any CPU
		{a6394d87-cdde-0036-a046-22bf82f2207e}.Debug|Any CPU.ActiveCfg = Debug|Any CPU
		{a6394d87-cdde-0036-a046-22bf82f2207e}.Debug|Any CPU.Build.0 = Debug|Any CPU
		{d1a84c46-f606-6594-d085-3f903dcfb693}.Debug|Any CPU.ActiveCfg = Debug|Any CPU
		{d1a84c46-f606-6594-d085-3f903dcfb693}.Debug|Any CPU.Build.0 = Debug|Any CPU
		{28d991cb-dabc-b2c1-0be1-a127806a1e6c}.Debug|Any CPU.ActiveCfg = Debug|Any CPU
		{28d991cb-dabc-b2c1-0be1-a127806a1e6c}.Debug|Any CPU.Build.0 = Debug|Any CPU
		{0be48413-44f4-fc6d-15ce-637a1010add5}.Debug|Any CPU.ActiveCfg = Debug|Any CPU
		{0be48413-44f4-fc6d-15ce-637a1010add5}.Debug|Any CPU.Build.0 = Debug|Any CPU
		{3491f872-d97f-2141-3359-9f0fc0b2b35f}.Debug|Any CPU.ActiveCfg = Debug|Any CPU
		{3491f872-d97f-2141-3359-9f0fc0b2b35f}.Debug|Any CPU.Build.0 = Debug|Any CPU
		{67a9669a-0192-04cd-f5df-dd6936952e94}.Debug|Any CPU.ActiveCfg = Debug|Any CPU
		{67a9669a-0192-04cd-f5df-dd6936952e94}.Debug|Any CPU.Build.0 = Debug|Any CPU
		{9e62743e-843e-c3ba-c316-004343fe5174}.Debug|Any CPU.ActiveCfg = Debug|Any CPU
		{9e62743e-843e-c3ba-c316-004343fe5174}.Debug|Any CPU.Build.0 = Debug|Any CPU
		{5937396d-f15b-5ede-5b8c-41be1a578b3c}.Debug|Any CPU.ActiveCfg = Debug|Any CPU
		{5937396d-f15b-5ede-5b8c-41be1a578b3c}.Debug|Any CPU.Build.0 = Debug|Any CPU
		{ee931a88-14e8-d638-8907-f96fb07a00ff}.Debug|Any CPU.ActiveCfg = Debug|Any CPU
		{ee931a88-14e8-d638-8907-f96fb07a00ff}.Debug|Any CPU.Build.0 = Debug|Any CPU
		{78f2d935-31ec-cf2b-5b9d-3c7437c7e9cf}.Debug|Any CPU.ActiveCfg = Debug|Any CPU
		{78f2d935-31ec-cf2b-5b9d-3c7437c7e9cf}.Debug|Any CPU.Build.0 = Debug|Any CPU
		{75bb4dc0-787d-ac6b-2d2d-802b824f55e9}.Debug|Any CPU.ActiveCfg = Debug|Any CPU
		{75bb4dc0-787d-ac6b-2d2d-802b824f55e9}.Debug|Any CPU.Build.0 = Debug|Any CPU
		{ad82a338-c4a0-2edb-3485-abc65c377cb9}.Debug|Any CPU.ActiveCfg = Debug|Any CPU
		{ad82a338-c4a0-2edb-3485-abc65c377cb9}.Debug|Any CPU.Build.0 = Debug|Any CPU
		{e52ea460-cdc3-2bea-beee-84a7d45e3dd6}.Debug|Any CPU.ActiveCfg = Debug|Any CPU
		{e52ea460-cdc3-2bea-beee-84a7d45e3dd6}.Debug|Any CPU.Build.0 = Debug|Any CPU
		{72814f10-28d1-7590-9cf3-20da79616dd9}.Debug|Any CPU.ActiveCfg = Debug|Any CPU
		{72814f10-28d1-7590-9cf3-20da79616dd9}.Debug|Any CPU.Build.0 = Debug|Any CPU
		{2fc7b9e9-4424-89f3-4d36-848db2c01692}.Debug|Any CPU.ActiveCfg = Debug|Any CPU
		{2fc7b9e9-4424-89f3-4d36-848db2c01692}.Debug|Any CPU.Build.0 = Debug|Any CPU
		{6a4d71f0-264b-1908-02ee-8fabe8a22a7c}.Debug|Any CPU.ActiveCfg = Debug|Any CPU
		{6a4d71f0-264b-1908-02ee-8fabe8a22a7c}.Debug|Any CPU.Build.0 = Debug|Any CPU
		{3ed410ea-eeac-0d46-bd56-6766998c0e14}.Debug|Any CPU.ActiveCfg = Debug|Any CPU
		{3ed410ea-eeac-0d46-bd56-6766998c0e14}.Debug|Any CPU.Build.0 = Debug|Any CPU
		{b8f8e0fe-c1dd-a96d-c13c-f2816658912d}.Debug|Any CPU.ActiveCfg = Debug|Any CPU
		{b8f8e0fe-c1dd-a96d-c13c-f2816658912d}.Debug|Any CPU.Build.0 = Debug|Any CPU
		{57bb817c-40f7-041d-4899-fd28ef4e59d9}.Debug|Any CPU.ActiveCfg = Debug|Any CPU
		{57bb817c-40f7-041d-4899-fd28ef4e59d9}.Debug|Any CPU.Build.0 = Debug|Any CPU
		{063b7547-0157-bce3-6901-d49582b82207}.Debug|Any CPU.ActiveCfg = Debug|Any CPU
		{063b7547-0157-bce3-6901-d49582b82207}.Debug|Any CPU.Build.0 = Debug|Any CPU
		{db24377a-09ef-2f24-3d5d-121f3ba5e42b}.Debug|Any CPU.ActiveCfg = Debug|Any CPU
		{db24377a-09ef-2f24-3d5d-121f3ba5e42b}.Debug|Any CPU.Build.0 = Debug|Any CPU
	EndGlobalSection
	GlobalSection(SolutionProperties) = preSolution
		HideSolutionNode = FALSE
	EndGlobalSection
EndGlobal
